
Microsoft Visual Studio Solution File, Format Version 12.00
# Visual Studio Version 17
VisualStudioVersion = 17.11.35222.181
MinimumVisualStudioVersion = 10.0.40219.1
Project("{FAE04EC0-301F-11D3-BF4B-00C04F79EFBC}") = "eStore", "eStore\eStore.csproj", "{C6DC36D4-62EC-4F7A-B3EA-B6F4382DFE84}"
EndProject
Project("{FAE04EC0-301F-11D3-BF4B-00C04F79EFBC}") = "DataAccess", "DataAccess\DataAccess.csproj", "{BB316136-F9FA-4E01-8492-CE4CF9E1E781}"
EndProject
Project("{FAE04EC0-301F-11D3-BF4B-00C04F79EFBC}") = "BusinessObject", "BusinessObject\BusinessObject.csproj", "{D0170314-6797-4BE0-BCF4-A08BB10AF301}"
EndProject
Global
	GlobalSection(SolutionConfigurationPlatforms) = preSolution
		Debug|Any CPU = Debug|Any CPU
		Release|Any CPU = Release|Any CPU
	EndGlobalSection
	GlobalSection(ProjectConfigurationPlatforms) = postSolution
		{C6DC36D4-62EC-4F7A-B3EA-B6F4382DFE84}.Debug|Any CPU.ActiveCfg = Debug|Any CPU
		{C6DC36D4-62EC-4F7A-B3EA-B6F4382DFE84}.Debug|Any CPU.Build.0 = Debug|Any CPU
		{C6DC36D4-62EC-4F7A-B3EA-B6F4382DFE84}.Release|Any CPU.ActiveCfg = Release|Any CPU
		{C6DC36D4-62EC-4F7A-B3EA-B6F4382DFE84}.Release|Any CPU.Build.0 = Release|Any CPU
		{BB316136-F9FA-4E01-8492-CE4CF9E1E781}.Debug|Any CPU.ActiveCfg = Debug|Any CPU
		{BB316136-F9FA-4E01-8492-CE4CF9E1E781}.Debug|Any CPU.Build.0 = Debug|Any CPU
		{BB316136-F9FA-4E01-8492-CE4CF9E1E781}.Release|Any CPU.ActiveCfg = Release|Any CPU
		{BB316136-F9FA-4E01-8492-CE4CF9E1E781}.Release|Any CPU.Build.0 = Release|Any CPU
		{D0170314-6797-4BE0-BCF4-A08BB10AF301}.Debug|Any CPU.ActiveCfg = Debug|Any CPU
		{D0170314-6797-4BE0-BCF4-A08BB10AF301}.Debug|Any CPU.Build.0 = Debug|Any CPU
		{D0170314-6797-4BE0-BCF4-A08BB10AF301}.Release|Any CPU.ActiveCfg = Release|Any CPU
		{D0170314-6797-4BE0-BCF4-A08BB10AF301}.Release|Any CPU.Build.0 = Release|Any CPU
	EndGlobalSection
	GlobalSection(SolutionProperties) = preSolution
		HideSolutionNode = FALSE
	EndGlobalSection
	GlobalSection(ExtensibilityGlobals) = postSolution
		SolutionGuid = {50AEA317-DFDB-4F7A-9960-56C3F30612BF}
	EndGlobalSection
EndGlobal
