
Microsoft Visual Studio Solution File, Format Version 12.00
# Visual Studio Version 17
VisualStudioVersion = 17.12.35707.178
MinimumVisualStudioVersion = 10.0.40219.1
Project("{FAE04EC0-301F-11D3-BF4B-00C04F79EFBC}") = "Euro2024DB_SonNN", "Euro2024DB_SonNN\Euro2024DB_SonNN.csproj", "{B27BDE97-960B-4699-A1C6-B2A9B64CED22}"
EndProject
Project("{FAE04EC0-301F-11D3-BF4B-00C04F79EFBC}") = "Euro2024DB_BusinessObjects", "Euro2024DB_BusinessObjects\Euro2024DB_BusinessObjects.csproj", "{E61EB7C0-6034-4BDF-B995-A6877DA1D361}"
EndProject
Project("{FAE04EC0-301F-11D3-BF4B-00C04F79EFBC}") = "Euro2024DB_Repository", "Euro2024DB_Repository\Euro2024DB_Repository.csproj", "{CE1A0B41-F7F8-45C6-828B-2ABC1596C606}"
EndProject
Project("{FAE04EC0-301F-11D3-BF4B-00C04F79EFBC}") = "Euro2024DB_DAO", "Euro2024DB_DAO\Euro2024DB_DAO.csproj", "{97ABC8FF-3509-4B5B-8DED-2DE4F0684C4F}"
EndProject
Global
	GlobalSection(SolutionConfigurationPlatforms) = preSolution
		Debug|Any CPU = Debug|Any CPU
		Release|Any CPU = Release|Any CPU
	EndGlobalSection
	GlobalSection(ProjectConfigurationPlatforms) = postSolution
		{B27BDE97-960B-4699-A1C6-B2A9B64CED22}.Debug|Any CPU.ActiveCfg = Debug|Any CPU
		{B27BDE97-960B-4699-A1C6-B2A9B64CED22}.Debug|Any CPU.Build.0 = Debug|Any CPU
		{B27BDE97-960B-4699-A1C6-B2A9B64CED22}.Release|Any CPU.ActiveCfg = Release|Any CPU
		{B27BDE97-960B-4699-A1C6-B2A9B64CED22}.Release|Any CPU.Build.0 = Release|Any CPU
		{E61EB7C0-6034-4BDF-B995-A6877DA1D361}.Debug|Any CPU.ActiveCfg = Debug|Any CPU
		{E61EB7C0-6034-4BDF-B995-A6877DA1D361}.Debug|Any CPU.Build.0 = Debug|Any CPU
		{E61EB7C0-6034-4BDF-B995-A6877DA1D361}.Release|Any CPU.ActiveCfg = Release|Any CPU
		{E61EB7C0-6034-4BDF-B995-A6877DA1D361}.Release|Any CPU.Build.0 = Release|Any CPU
		{CE1A0B41-F7F8-45C6-828B-2ABC1596C606}.Debug|Any CPU.ActiveCfg = Debug|Any CPU
		{CE1A0B41-F7F8-45C6-828B-2ABC1596C606}.Debug|Any CPU.Build.0 = Debug|Any CPU
		{CE1A0B41-F7F8-45C6-828B-2ABC1596C606}.Release|Any CPU.ActiveCfg = Release|Any CPU
		{CE1A0B41-F7F8-45C6-828B-2ABC1596C606}.Release|Any CPU.Build.0 = Release|Any CPU
		{97ABC8FF-3509-4B5B-8DED-2DE4F0684C4F}.Debug|Any CPU.ActiveCfg = Debug|Any CPU
		{97ABC8FF-3509-4B5B-8DED-2DE4F0684C4F}.Debug|Any CPU.Build.0 = Debug|Any CPU
		{97ABC8FF-3509-4B5B-8DED-2DE4F0684C4F}.Release|Any CPU.ActiveCfg = Release|Any CPU
		{97ABC8FF-3509-4B5B-8DED-2DE4F0684C4F}.Release|Any CPU.Build.0 = Release|Any CPU
	EndGlobalSection
	GlobalSection(SolutionProperties) = preSolution
		HideSolutionNode = FALSE
	EndGlobalSection
EndGlobal
