
Microsoft Visual Studio Solution File, Format Version 12.00
# Visual Studio Version 17
VisualStudioVersion = 17.11.35222.181
MinimumVisualStudioVersion = 10.0.40219.1
Project("{FAE04EC0-301F-11D3-BF4B-00C04F79EFBC}") = "NguyenKhanhMinhMVC", "NguyenKhanhMinhMVC\NguyenKhanhMinhMVC.csproj", "{1F1CE71A-C614-4B4F-B9CA-F8BC0F48229B}"
EndProject
Project("{FAE04EC0-301F-11D3-BF4B-00C04F79EFBC}") = "BusinessObjectsLayer", "BusinessObjectsLayer\BusinessObjectsLayer.csproj", "{F49F9FD9-E7CB-4BD3-94D0-A07CBE43DCA2}"
EndProject
Project("{FAE04EC0-301F-11D3-BF4B-00C04F79EFBC}") = "DAOsLayer", "DAOsLayer\DAOsLayer.csproj", "{4A4B68E1-D885-483B-A19B-8A815391413B}"
EndProject
Project("{FAE04EC0-301F-11D3-BF4B-00C04F79EFBC}") = "RepositoryLayer", "RepositoryLayer\RepositoryLayer.csproj", "{E8691A7E-1E94-4E50-81FD-3A4287DA1F21}"
EndProject
Global
	GlobalSection(SolutionConfigurationPlatforms) = preSolution
		Debug|Any CPU = Debug|Any CPU
		Release|Any CPU = Release|Any CPU
	EndGlobalSection
	GlobalSection(ProjectConfigurationPlatforms) = postSolution
		{1F1CE71A-C614-4B4F-B9CA-F8BC0F48229B}.Debug|Any CPU.ActiveCfg = Debug|Any CPU
		{1F1CE71A-C614-4B4F-B9CA-F8BC0F48229B}.Debug|Any CPU.Build.0 = Debug|Any CPU
		{1F1CE71A-C614-4B4F-B9CA-F8BC0F48229B}.Release|Any CPU.ActiveCfg = Release|Any CPU
		{1F1CE71A-C614-4B4F-B9CA-F8BC0F48229B}.Release|Any CPU.Build.0 = Release|Any CPU
		{F49F9FD9-E7CB-4BD3-94D0-A07CBE43DCA2}.Debug|Any CPU.ActiveCfg = Debug|Any CPU
		{F49F9FD9-E7CB-4BD3-94D0-A07CBE43DCA2}.Debug|Any CPU.Build.0 = Debug|Any CPU
		{F49F9FD9-E7CB-4BD3-94D0-A07CBE43DCA2}.Release|Any CPU.ActiveCfg = Release|Any CPU
		{F49F9FD9-E7CB-4BD3-94D0-A07CBE43DCA2}.Release|Any CPU.Build.0 = Release|Any CPU
		{4A4B68E1-D885-483B-A19B-8A815391413B}.Debug|Any CPU.ActiveCfg = Debug|Any CPU
		{4A4B68E1-D885-483B-A19B-8A815391413B}.Debug|Any CPU.Build.0 = Debug|Any CPU
		{4A4B68E1-D885-483B-A19B-8A815391413B}.Release|Any CPU.ActiveCfg = Release|Any CPU
		{4A4B68E1-D885-483B-A19B-8A815391413B}.Release|Any CPU.Build.0 = Release|Any CPU
		{E8691A7E-1E94-4E50-81FD-3A4287DA1F21}.Debug|Any CPU.ActiveCfg = Debug|Any CPU
		{E8691A7E-1E94-4E50-81FD-3A4287DA1F21}.Debug|Any CPU.Build.0 = Debug|Any CPU
		{E8691A7E-1E94-4E50-81FD-3A4287DA1F21}.Release|Any CPU.ActiveCfg = Release|Any CPU
		{E8691A7E-1E94-4E50-81FD-3A4287DA1F21}.Release|Any CPU.Build.0 = Release|Any CPU
	EndGlobalSection
	GlobalSection(SolutionProperties) = preSolution
		HideSolutionNode = FALSE
	EndGlobalSection
	GlobalSection(ExtensibilityGlobals) = postSolution
		SolutionGuid = {2396DCD2-8E7E-4414-8C5B-2DE40A598E2A}
	EndGlobalSection
EndGlobal
