
Microsoft Visual Studio Solution File, Format Version 12.00
# Visual Studio Version 17
VisualStudioVersion = 17.11.35222.181
MinimumVisualStudioVersion = 10.0.40219.1
Project("{FAE04EC0-301F-11D3-BF4B-00C04F79EFBC}") = "Lab2", "Lab2\Lab2.csproj", "{B9D8C128-4282-4AA5-B0FE-1D50995154BE}"
EndProject
Global
	GlobalSection(SolutionConfigurationPlatforms) = preSolution
		Debug|Any CPU = Debug|Any CPU
		Release|Any CPU = Release|Any CPU
	EndGlobalSection
	GlobalSection(ProjectConfigurationPlatforms) = postSolution
		{B9D8C128-4282-4AA5-B0FE-1D50995154BE}.Debug|Any CPU.ActiveCfg = Debug|Any CPU
		{B9D8C128-4282-4AA5-B0FE-1D50995154BE}.Debug|Any CPU.Build.0 = Debug|Any CPU
		{B9D8C128-4282-4AA5-B0FE-1D50995154BE}.Release|Any CPU.ActiveCfg = Release|Any CPU
		{B9D8C128-4282-4AA5-B0FE-1D50995154BE}.Release|Any CPU.Build.0 = Release|Any CPU
	EndGlobalSection
	GlobalSection(SolutionProperties) = preSolution
		HideSolutionNode = FALSE
	EndGlobalSection
	GlobalSection(ExtensibilityGlobals) = postSolution
		SolutionGuid = {3B16BBC8-8CDD-422A-ADAE-62CDADCE80AB}
	EndGlobalSection
EndGlobal
