
Microsoft Visual Studio Solution File, Format Version 12.00
# Visual Studio Version 17
VisualStudioVersion = 17.11.35222.181
MinimumVisualStudioVersion = 10.0.40219.1
Project("{9A19103F-16F7-4668-BE54-9A1E7A4F7556}") = "DAOs", "DAOs\DAOs.csproj", "{5E326E34-E906-45EC-BE6A-824EF9118873}"
EndProject
Project("{9A19103F-16F7-4668-BE54-9A1E7A4F7556}") = "Repositories", "Repositories\Repositories.csproj", "{563FDAA1-E326-4793-8639-BCAC242A8931}"
EndProject
Project("{9A19103F-16F7-4668-BE54-9A1E7A4F7556}") = "BOs", "BOs\BOs.csproj", "{AC6DF160-C2CE-4FA8-8AF4-9BC00BE43FD7}"
EndProject
Project("{FAE04EC0-301F-11D3-BF4B-00C04F79EFBC}") = "LionPetManagement_NguyenKhanhMinh", "LionPetManagement_NguyenKhanhMinh\LionPetManagement_NguyenKhanhMinh.csproj", "{5E511008-6CC3-47F0-AACF-9B35A2BABCD3}"
EndProject
Global
	GlobalSection(SolutionConfigurationPlatforms) = preSolution
		Debug|Any CPU = Debug|Any CPU
		Release|Any CPU = Release|Any CPU
	EndGlobalSection
	GlobalSection(ProjectConfigurationPlatforms) = postSolution
		{5E326E34-E906-45EC-BE6A-824EF9118873}.Debug|Any CPU.ActiveCfg = Debug|Any CPU
		{5E326E34-E906-45EC-BE6A-824EF9118873}.Debug|Any CPU.Build.0 = Debug|Any CPU
		{5E326E34-E906-45EC-BE6A-824EF9118873}.Release|Any CPU.ActiveCfg = Release|Any CPU
		{5E326E34-E906-45EC-BE6A-824EF9118873}.Release|Any CPU.Build.0 = Release|Any CPU
		{563FDAA1-E326-4793-8639-BCAC242A8931}.Debug|Any CPU.ActiveCfg = Debug|Any CPU
		{563FDAA1-E326-4793-8639-BCAC242A8931}.Debug|Any CPU.Build.0 = Debug|Any CPU
		{563FDAA1-E326-4793-8639-BCAC242A8931}.Release|Any CPU.ActiveCfg = Release|Any CPU
		{563FDAA1-E326-4793-8639-BCAC242A8931}.Release|Any CPU.Build.0 = Release|Any CPU
		{AC6DF160-C2CE-4FA8-8AF4-9BC00BE43FD7}.Debug|Any CPU.ActiveCfg = Debug|Any CPU
		{AC6DF160-C2CE-4FA8-8AF4-9BC00BE43FD7}.Debug|Any CPU.Build.0 = Debug|Any CPU
		{AC6DF160-C2CE-4FA8-8AF4-9BC00BE43FD7}.Release|Any CPU.ActiveCfg = Release|Any CPU
		{AC6DF160-C2CE-4FA8-8AF4-9BC00BE43FD7}.Release|Any CPU.Build.0 = Release|Any CPU
		{5E511008-6CC3-47F0-AACF-9B35A2BABCD3}.Debug|Any CPU.ActiveCfg = Debug|Any CPU
		{5E511008-6CC3-47F0-AACF-9B35A2BABCD3}.Debug|Any CPU.Build.0 = Debug|Any CPU
		{5E511008-6CC3-47F0-AACF-9B35A2BABCD3}.Release|Any CPU.ActiveCfg = Release|Any CPU
		{5E511008-6CC3-47F0-AACF-9B35A2BABCD3}.Release|Any CPU.Build.0 = Release|Any CPU
	EndGlobalSection
	GlobalSection(SolutionProperties) = preSolution
		HideSolutionNode = FALSE
	EndGlobalSection
	GlobalSection(ExtensibilityGlobals) = postSolution
		SolutionGuid = {2E446622-11C5-441E-B4A7-895DB723D8F1}
	EndGlobalSection
EndGlobal
