
Microsoft Visual Studio Solution File, Format Version 12.00
# Visual Studio Version 17
VisualStudioVersion = 17.11.35222.181
MinimumVisualStudioVersion = 10.0.40219.1
Project("{FAE04EC0-301F-11D3-BF4B-00C04F79EFBC}") = "DemoMVC", "DemoMVC\DemoMVC.csproj", "{7DC3347C-AAEC-4F6C-B2BB-CEB4A0213AAF}"
EndProject
Global
	GlobalSection(SolutionConfigurationPlatforms) = preSolution
		Debug|Any CPU = Debug|Any CPU
		Release|Any CPU = Release|Any CPU
	EndGlobalSection
	GlobalSection(ProjectConfigurationPlatforms) = postSolution
		{7DC3347C-AAEC-4F6C-B2BB-CEB4A0213AAF}.Debug|Any CPU.ActiveCfg = Debug|Any CPU
		{7DC3347C-AAEC-4F6C-B2BB-CEB4A0213AAF}.Debug|Any CPU.Build.0 = Debug|Any CPU
		{7DC3347C-AAEC-4F6C-B2BB-CEB4A0213AAF}.Release|Any CPU.ActiveCfg = Release|Any CPU
		{7DC3347C-AAEC-4F6C-B2BB-CEB4A0213AAF}.Release|Any CPU.Build.0 = Release|Any CPU
	EndGlobalSection
	GlobalSection(SolutionProperties) = preSolution
		HideSolutionNode = FALSE
	EndGlobalSection
	GlobalSection(ExtensibilityGlobals) = postSolution
		SolutionGuid = {DAAACE00-BB84-4C9A-8C38-DA15EC36D866}
	EndGlobalSection
EndGlobal
