
Microsoft Visual Studio Solution File, Format Version 12.00
# Visual Studio Version 17
VisualStudioVersion = 17.12.35527.113
MinimumVisualStudioVersion = 10.0.40219.1
Project("{FAE04EC0-301F-11D3-BF4B-00C04F79EFBC}") = "MVCSample", "MVCSample\MVCSample.csproj", "{5782AAE8-12D7-42E6-A229-F94B3AB360F4}"
EndProject
Project("{FAE04EC0-301F-11D3-BF4B-00C04F79EFBC}") = "RepositoryLayer", "RepositoryLayer\RepositoryLayer.csproj", "{BB69CEC8-36D3-4E90-841A-AB5B3208B5B6}"
EndProject
Project("{FAE04EC0-301F-11D3-BF4B-00C04F79EFBC}") = "ServiceLayer", "ServiceLayer\ServiceLayer.csproj", "{55429FF4-FF31-4F6B-A1D0-7EB5EFD684AF}"
EndProject
Global
	GlobalSection(SolutionConfigurationPlatforms) = preSolution
		Debug|Any CPU = Debug|Any CPU
		Release|Any CPU = Release|Any CPU
	EndGlobalSection
	GlobalSection(ProjectConfigurationPlatforms) = postSolution
		{5782AAE8-12D7-42E6-A229-F94B3AB360F4}.Debug|Any CPU.ActiveCfg = Debug|Any CPU
		{5782AAE8-12D7-42E6-A229-F94B3AB360F4}.Debug|Any CPU.Build.0 = Debug|Any CPU
		{5782AAE8-12D7-42E6-A229-F94B3AB360F4}.Release|Any CPU.ActiveCfg = Release|Any CPU
		{5782AAE8-12D7-42E6-A229-F94B3AB360F4}.Release|Any CPU.Build.0 = Release|Any CPU
		{BB69CEC8-36D3-4E90-841A-AB5B3208B5B6}.Debug|Any CPU.ActiveCfg = Debug|Any CPU
		{BB69CEC8-36D3-4E90-841A-AB5B3208B5B6}.Debug|Any CPU.Build.0 = Debug|Any CPU
		{BB69CEC8-36D3-4E90-841A-AB5B3208B5B6}.Release|Any CPU.ActiveCfg = Release|Any CPU
		{BB69CEC8-36D3-4E90-841A-AB5B3208B5B6}.Release|Any CPU.Build.0 = Release|Any CPU
		{55429FF4-FF31-4F6B-A1D0-7EB5EFD684AF}.Debug|Any CPU.ActiveCfg = Debug|Any CPU
		{55429FF4-FF31-4F6B-A1D0-7EB5EFD684AF}.Debug|Any CPU.Build.0 = Debug|Any CPU
		{55429FF4-FF31-4F6B-A1D0-7EB5EFD684AF}.Release|Any CPU.ActiveCfg = Release|Any CPU
		{55429FF4-FF31-4F6B-A1D0-7EB5EFD684AF}.Release|Any CPU.Build.0 = Release|Any CPU
	EndGlobalSection
	GlobalSection(SolutionProperties) = preSolution
		HideSolutionNode = FALSE
	EndGlobalSection
EndGlobal
