
Microsoft Visual Studio Solution File, Format Version 12.00
# Visual Studio Version 17
VisualStudioVersion = 17.12.35527.113 d17.12
MinimumVisualStudioVersion = 10.0.40219.1
Project("{FAE04EC0-301F-11D3-BF4B-00C04F79EFBC}") = "BlazorAppSample2", "BlazorAppSample2\BlazorAppSample2\BlazorAppSample2.csproj", "{682F956C-D8AD-4693-90A1-AE932B589A85}"
EndProject
Project("{FAE04EC0-301F-11D3-BF4B-00C04F79EFBC}") = "BlazorAppSample2.Client", "BlazorAppSample2\BlazorAppSample2.Client\BlazorAppSample2.Client.csproj", "{49163AC1-62E2-4D88-A0A2-8E0B04207F78}"
EndProject
Global
	GlobalSection(SolutionConfigurationPlatforms) = preSolution
		Debug|Any CPU = Debug|Any CPU
		Release|Any CPU = Release|Any CPU
	EndGlobalSection
	GlobalSection(ProjectConfigurationPlatforms) = postSolution
		{682F956C-D8AD-4693-90A1-AE932B589A85}.Debug|Any CPU.ActiveCfg = Debug|Any CPU
		{682F956C-D8AD-4693-90A1-AE932B589A85}.Debug|Any CPU.Build.0 = Debug|Any CPU
		{682F956C-D8AD-4693-90A1-AE932B589A85}.Release|Any CPU.ActiveCfg = Release|Any CPU
		{682F956C-D8AD-4693-90A1-AE932B589A85}.Release|Any CPU.Build.0 = Release|Any CPU
		{49163AC1-62E2-4D88-A0A2-8E0B04207F78}.Debug|Any CPU.ActiveCfg = Debug|Any CPU
		{49163AC1-62E2-4D88-A0A2-8E0B04207F78}.Debug|Any CPU.Build.0 = Debug|Any CPU
		{49163AC1-62E2-4D88-A0A2-8E0B04207F78}.Release|Any CPU.ActiveCfg = Release|Any CPU
		{49163AC1-62E2-4D88-A0A2-8E0B04207F78}.Release|Any CPU.Build.0 = Release|Any CPU
	EndGlobalSection
	GlobalSection(SolutionProperties) = preSolution
		HideSolutionNode = FALSE
	EndGlobalSection
EndGlobal
